version = 1
revision = 1
requires-python = ">=3.12"

[[package]]
name = "annotated-types"
version = "0.7.0"
source = { registry = "https://pypi.org/simple" }
sdist = { url = "https://files.pythonhosted.org/packages/ee/67/531ea369ba64dcff5ec9c3402f9f51bf748cec26dde048a2f973a4eea7f5/annotated_types-0.7.0.tar.gz", hash = "sha256:aff07c09a53a08bc8cfccb9c85b05f1aa9a2a6f23728d790723543408344ce89", size = 16081 }
wheels = [
    { url = "https://files.pythonhosted.org/packages/78/b6/6307fbef88d9b5ee7421e68d78a9f162e0da4900bc5f5793f6d3d0e34fb8/annotated_types-0.7.0-py3-none-any.whl", hash = "sha256:1f02e8b43a8fbbc3f3e0d4f0f4bfc8131bcb4eebe8849b8e5c773f3a1c582a53", size = 13643 },
]

[[package]]
name = "anthropic"
version = "0.61.0"
source = { registry = "https://pypi.org/simple" }
dependencies = [
    { name = "anyio" },
    { name = "distro" },
    { name = "httpx" },
    { name = "jiter" },
    { name = "pydantic" },
    { name = "sniffio" },
    { name = "typing-extensions" },
]
sdist = { url = "https://files.pythonhosted.org/packages/7a/9a/b384758ef93b8f931a523efc8782f7191b175714b3952ff11002899f638b/anthropic-0.61.0.tar.gz", hash = "sha256:af4b3b8f3bc4626cca6af2d412e301974da1747179341ad9e271bdf5cbd2f008", size = 426606 }
wheels = [
    { url = "https://files.pythonhosted.org/packages/6e/07/c7907eee22f5c27a53118dd2576267052ae01f52811dbb06a2848012639e/anthropic-0.61.0-py3-none-any.whl", hash = "sha256:798c8e6cc61e6315143c3f5847d2f220c45f1e69f433436872a237413ca58803", size = 294935 },
]

[[package]]
name = "anyio"
version = "4.10.0"
source = { registry = "https://pypi.org/simple" }
dependencies = [
    { name = "idna" },
    { name = "sniffio" },
    { name = "typing-extensions", marker = "python_full_version < '3.13'" },
]
sdist = { url = "https://files.pythonhosted.org/packages/f1/b4/636b3b65173d3ce9a38ef5f0522789614e590dab6a8d505340a4efe4c567/anyio-4.10.0.tar.gz", hash = "sha256:3f3fae35c96039744587aa5b8371e7e8e603c0702999535961dd336026973ba6", size = 213252 }
wheels = [
    { url = "https://files.pythonhosted.org/packages/6f/12/e5e0282d673bb9746bacfb6e2dba8719989d3660cdb2ea79aee9a9651afb/anyio-4.10.0-py3-none-any.whl", hash = "sha256:60e474ac86736bbfd6f210f7a61218939c318f43f9972497381f1c5e930ed3d1", size = 107213 },
]

[[package]]
name = "asgiref"
version = "3.9.1"
source = { registry = "https://pypi.org/simple" }
sdist = { url = "https://files.pythonhosted.org/packages/90/61/0aa957eec22ff70b830b22ff91f825e70e1ef732c06666a805730f28b36b/asgiref-3.9.1.tar.gz", hash = "sha256:a5ab6582236218e5ef1648f242fd9f10626cfd4de8dc377db215d5d5098e3142", size = 36870 }
wheels = [
    { url = "https://files.pythonhosted.org/packages/7c/3c/0464dcada90d5da0e71018c04a140ad6349558afb30b3051b4264cc5b965/asgiref-3.9.1-py3-none-any.whl", hash = "sha256:f3bba7092a48005b5f5bacd747d36ee4a5a61f4a269a6df590b43144355ebd2c", size = 23790 },
]

[[package]]
name = "asttokens"
version = "3.0.0"
source = { registry = "https://pypi.org/simple" }
sdist = { url = "https://files.pythonhosted.org/packages/4a/e7/82da0a03e7ba5141f05cce0d302e6eed121ae055e0456ca228bf693984bc/asttokens-3.0.0.tar.gz", hash = "sha256:0dcd8baa8d62b0c1d118b399b2ddba3c4aff271d0d7a9e0d4c1681c79035bbc7", size = 61978 }
wheels = [
    { url = "https://files.pythonhosted.org/packages/25/8a/c46dcc25341b5bce5472c718902eb3d38600a903b14fa6aeecef3f21a46f/asttokens-3.0.0-py3-none-any.whl", hash = "sha256:e3078351a059199dd5138cb1c706e6430c05eff2ff136af5eb4790f9d28932e2", size = 26918 },
]

[[package]]
name = "certifi"
version = "2025.8.3"
source = { registry = "https://pypi.org/simple" }
sdist = { url = "https://files.pythonhosted.org/packages/dc/67/960ebe6bf230a96cda2e0abcf73af550ec4f090005363542f0765df162e0/certifi-2025.8.3.tar.gz", hash = "sha256:e564105f78ded564e3ae7c923924435e1daa7463faeab5bb932bc53ffae63407", size = 162386 }
wheels = [
    { url = "https://files.pythonhosted.org/packages/e5/48/1549795ba7742c948d2ad169c1c8cdbae65bc450d6cd753d124b17c8cd32/certifi-2025.8.3-py3-none-any.whl", hash = "sha256:f6c12493cfb1b06ba2ff328595af9350c65d6644968e5d3a2ffd78699af217a5", size = 161216 },
]

[[package]]
name = "colorama"
version = "0.4.6"
source = { registry = "https://pypi.org/simple" }
sdist = { url = "https://files.pythonhosted.org/packages/d8/53/6f443c9a4a8358a93a6792e2acffb9d9d5cb0a5cfd8802644b7b1c9a02e4/colorama-0.4.6.tar.gz", hash = "sha256:08695f5cb7ed6e0531a20572697297273c47b8cae5a63ffc6d6ed5c201be6e44", size = 27697 }
wheels = [
    { url = "https://files.pythonhosted.org/packages/d1/d6/3965ed04c63042e047cb6a3e6ed1a63a35087b6a609aa3a15ed8ac56c221/colorama-0.4.6-py2.py3-none-any.whl", hash = "sha256:4f1d9991f5acc0ca119f9d443620b77f9d6b33703e51011c16baf57afb285fc6", size = 25335 },
]

[[package]]
name = "decorator"
version = "5.2.1"
source = { registry = "https://pypi.org/simple" }
sdist = { url = "https://files.pythonhosted.org/packages/43/fa/6d96a0978d19e17b68d634497769987b16c8f4cd0a7a05048bec693caa6b/decorator-5.2.1.tar.gz", hash = "sha256:65f266143752f734b0a7cc83c46f4618af75b8c5911b00ccb61d0ac9b6da0360", size = 56711 }
wheels = [
    { url = "https://files.pythonhosted.org/packages/4e/8c/f3147f5c4b73e7550fe5f9352eaa956ae838d5c51eb58e7a25b9f3e2643b/decorator-5.2.1-py3-none-any.whl", hash = "sha256:d316bb415a2d9e2d2b3abcc4084c6502fc09240e292cd76a76afc106a1c8e04a", size = 9190 },
]

[[package]]
name = "distro"
version = "1.9.0"
source = { registry = "https://pypi.org/simple" }
sdist = { url = "https://files.pythonhosted.org/packages/fc/f8/98eea607f65de6527f8a2e8885fc8015d3e6f5775df186e443e0964a11c3/distro-1.9.0.tar.gz", hash = "sha256:2fa77c6fd8940f116ee1d6b94a2f90b13b5ea8d019b98bc8bafdcabcdd9bdbed", size = 60722 }
wheels = [
    { url = "https://files.pythonhosted.org/packages/12/b3/231ffd4ab1fc9d679809f356cebee130ac7daa00d6d6f3206dd4fd137e9e/distro-1.9.0-py3-none-any.whl", hash = "sha256:7bffd925d65168f85027d8da9af6bddab658135b840670a223589bc0c8ef02b2", size = 20277 },
]

[[package]]
name = "django"
version = "5.2.5"
source = { registry = "https://pypi.org/simple" }
dependencies = [
    { name = "asgiref" },
    { name = "sqlparse" },
    { name = "tzdata", marker = "sys_platform == 'win32'" },
]
sdist = { url = "https://files.pythonhosted.org/packages/62/9b/779f853c3d2d58b9e08346061ff3e331cdec3fe3f53aae509e256412a593/django-5.2.5.tar.gz", hash = "sha256:0745b25681b129a77aae3d4f6549b62d3913d74407831abaa0d9021a03954bae", size = 10859748 }
wheels = [
    { url = "https://files.pythonhosted.org/packages/9d/6e/98a1d23648e0085bb5825326af17612ecd8fc76be0ce96ea4dc35e17b926/django-5.2.5-py3-none-any.whl", hash = "sha256:2b2ada0ee8a5ff743a40e2b9820d1f8e24c11bac9ae6469cd548f0057ea6ddcd", size = 8302999 },
]

[[package]]
name = "executing"
version = "2.2.0"
source = { registry = "https://pypi.org/simple" }
sdist = { url = "https://files.pythonhosted.org/packages/91/50/a9d80c47ff289c611ff12e63f7c5d13942c65d68125160cefd768c73e6e4/executing-2.2.0.tar.gz", hash = "sha256:5d108c028108fe2551d1a7b2e8b713341e2cb4fc0aa7dcf966fa4327a5226755", size = 978693 }
wheels = [
    { url = "https://files.pythonhosted.org/packages/7b/8f/c4d9bafc34ad7ad5d8dc16dd1347ee0e507a52c3adb6bfa8887e1c6a26ba/executing-2.2.0-py2.py3-none-any.whl", hash = "sha256:11387150cad388d62750327a53d3339fad4888b39a6fe233c3afbb54ecffd3aa", size = 26702 },
]

[[package]]
name = "h11"
version = "0.16.0"
source = { registry = "https://pypi.org/simple" }
sdist = { url = "https://files.pythonhosted.org/packages/01/ee/02a2c011bdab74c6fb3c75474d40b3052059d95df7e73351460c8588d963/h11-0.16.0.tar.gz", hash = "sha256:4e35b956cf45792e4caa5885e69fba00bdbc6ffafbfa020300e549b208ee5ff1", size = 101250 }
wheels = [
    { url = "https://files.pythonhosted.org/packages/04/4b/29cac41a4d98d144bf5f6d33995617b185d14b22401f75ca86f384e87ff1/h11-0.16.0-py3-none-any.whl", hash = "sha256:63cf8bbe7522de3bf65932fda1d9c2772064ffb3dae62d55932da54b31cb6c86", size = 37515 },
]

[[package]]
name = "httpcore"
version = "1.0.9"
source = { registry = "https://pypi.org/simple" }
dependencies = [
    { name = "certifi" },
    { name = "h11" },
]
sdist = { url = "https://files.pythonhosted.org/packages/06/94/82699a10bca87a5556c9c59b5963f2d039dbd239f25bc2a63907a05a14cb/httpcore-1.0.9.tar.gz", hash = "sha256:6e34463af53fd2ab5d807f399a9b45ea31c3dfa2276f15a2c3f00afff6e176e8", size = 85484 }
wheels = [
    { url = "https://files.pythonhosted.org/packages/7e/f5/f66802a942d491edb555dd61e3a9961140fd64c90bce1eafd741609d334d/httpcore-1.0.9-py3-none-any.whl", hash = "sha256:2d400746a40668fc9dec9810239072b40b4484b640a8c38fd654a024c7a1bf55", size = 78784 },
]

[[package]]
name = "httpx"
version = "0.28.1"
source = { registry = "https://pypi.org/simple" }
dependencies = [
    { name = "anyio" },
    { name = "certifi" },
    { name = "httpcore" },
    { name = "idna" },
]
sdist = { url = "https://files.pythonhosted.org/packages/b1/df/48c586a5fe32a0f01324ee087459e112ebb7224f646c0b5023f5e79e9956/httpx-0.28.1.tar.gz", hash = "sha256:75e98c5f16b0f35b567856f597f06ff2270a374470a5c2392242528e3e3e42fc", size = 141406 }
wheels = [
    { url = "https://files.pythonhosted.org/packages/2a/39/e50c7c3a983047577ee07d2a9e53faf5a69493943ec3f6a384bdc792deb2/httpx-0.28.1-py3-none-any.whl", hash = "sha256:d909fcccc110f8c7faf814ca82a9a4d816bc5a6dbfea25d6591d6985b8ba59ad", size = 73517 },
]

[[package]]
name = "idna"
version = "3.10"
source = { registry = "https://pypi.org/simple" }
sdist = { url = "https://files.pythonhosted.org/packages/f1/70/7703c29685631f5a7590aa73f1f1d3fa9a380e654b86af429e0934a32f7d/idna-3.10.tar.gz", hash = "sha256:12f65c9b470abda6dc35cf8e63cc574b1c52b11df2c86030af0ac09b01b13ea9", size = 190490 }
wheels = [
    { url = "https://files.pythonhosted.org/packages/76/c6/c88e154df9c4e1a2a66ccf0005a88dfb2650c1dffb6f5ce603dfbd452ce3/idna-3.10-py3-none-any.whl", hash = "sha256:946d195a0d259cbba61165e88e65941f16e9b36ea6ddb97f00452bae8b1287d3", size = 70442 },
]

[[package]]
name = "ipdb"
version = "0.13.13"
source = { registry = "https://pypi.org/simple" }
dependencies = [
    { name = "decorator" },
    { name = "ipython" },
]
sdist = { url = "https://files.pythonhosted.org/packages/3d/1b/7e07e7b752017f7693a0f4d41c13e5ca29ce8cbcfdcc1fd6c4ad8c0a27a0/ipdb-0.13.13.tar.gz", hash = "sha256:e3ac6018ef05126d442af680aad863006ec19d02290561ac88b8b1c0b0cfc726", size = 17042 }
wheels = [
    { url = "https://files.pythonhosted.org/packages/0c/4c/b075da0092003d9a55cf2ecc1cae9384a1ca4f650d51b00fc59875fe76f6/ipdb-0.13.13-py3-none-any.whl", hash = "sha256:45529994741c4ab6d2388bfa5d7b725c2cf7fe9deffabdb8a6113aa5ed449ed4", size = 12130 },
]

[[package]]
name = "ipython"
version = "9.4.0"
source = { registry = "https://pypi.org/simple" }
dependencies = [
    { name = "colorama", marker = "sys_platform == 'win32'" },
    { name = "decorator" },
    { name = "ipython-pygments-lexers" },
    { name = "jedi" },
    { name = "matplotlib-inline" },
    { name = "pexpect", marker = "sys_platform != 'emscripten' and sys_platform != 'win32'" },
    { name = "prompt-toolkit" },
    { name = "pygments" },
    { name = "stack-data" },
    { name = "traitlets" },
]
sdist = { url = "https://files.pythonhosted.org/packages/54/80/406f9e3bde1c1fd9bf5a0be9d090f8ae623e401b7670d8f6fdf2ab679891/ipython-9.4.0.tar.gz", hash = "sha256:c033c6d4e7914c3d9768aabe76bbe87ba1dc66a92a05db6bfa1125d81f2ee270", size = 4385338 }
wheels = [
    { url = "https://files.pythonhosted.org/packages/63/f8/0031ee2b906a15a33d6bfc12dd09c3dfa966b3cb5b284ecfb7549e6ac3c4/ipython-9.4.0-py3-none-any.whl", hash = "sha256:25850f025a446d9b359e8d296ba175a36aedd32e83ca9b5060430fe16801f066", size = 611021 },
]

[[package]]
name = "ipython-pygments-lexers"
version = "1.1.1"
source = { registry = "https://pypi.org/simple" }
dependencies = [
    { name = "pygments" },
]
sdist = { url = "https://files.pythonhosted.org/packages/ef/4c/5dd1d8af08107f88c7f741ead7a40854b8ac24ddf9ae850afbcf698aa552/ipython_pygments_lexers-1.1.1.tar.gz", hash = "sha256:09c0138009e56b6854f9535736f4171d855c8c08a563a0dcd8022f78355c7e81", size = 8393 }
wheels = [
    { url = "https://files.pythonhosted.org/packages/d9/33/1f075bf72b0b747cb3288d011319aaf64083cf2efef8354174e3ed4540e2/ipython_pygments_lexers-1.1.1-py3-none-any.whl", hash = "sha256:a9462224a505ade19a605f71f8fa63c2048833ce50abc86768a0d81d876dc81c", size = 8074 },
]

[[package]]
name = "jedi"
version = "0.19.2"
source = { registry = "https://pypi.org/simple" }
dependencies = [
    { name = "parso" },
]
sdist = { url = "https://files.pythonhosted.org/packages/72/3a/79a912fbd4d8dd6fbb02bf69afd3bb72cf0c729bb3063c6f4498603db17a/jedi-0.19.2.tar.gz", hash = "sha256:4770dc3de41bde3966b02eb84fbcf557fb33cce26ad23da12c742fb50ecb11f0", size = 1231287 }
wheels = [
    { url = "https://files.pythonhosted.org/packages/c0/5a/9cac0c82afec3d09ccd97c8b6502d48f165f9124db81b4bcb90b4af974ee/jedi-0.19.2-py2.py3-none-any.whl", hash = "sha256:a8ef22bde8490f57fe5c7681a3c83cb58874daf72b4784de3cce5b6ef6edb5b9", size = 1572278 },
]

[[package]]
name = "jiter"
version = "0.10.0"
source = { registry = "https://pypi.org/simple" }
sdist = { url = "https://files.pythonhosted.org/packages/ee/9d/ae7ddb4b8ab3fb1b51faf4deb36cb48a4fbbd7cb36bad6a5fca4741306f7/jiter-0.10.0.tar.gz", hash = "sha256:07a7142c38aacc85194391108dc91b5b57093c978a9932bd86a36862759d9500", size = 162759 }
wheels = [
    { url = "https://files.pythonhosted.org/packages/6d/b5/348b3313c58f5fbfb2194eb4d07e46a35748ba6e5b3b3046143f3040bafa/jiter-0.10.0-cp312-cp312-macosx_10_12_x86_64.whl", hash = "sha256:1e274728e4a5345a6dde2d343c8da018b9d4bd4350f5a472fa91f66fda44911b", size = 312262 },
    { url = "https://files.pythonhosted.org/packages/9c/4a/6a2397096162b21645162825f058d1709a02965606e537e3304b02742e9b/jiter-0.10.0-cp312-cp312-macosx_11_0_arm64.whl", hash = "sha256:7202ae396446c988cb2a5feb33a543ab2165b786ac97f53b59aafb803fef0744", size = 320124 },
    { url = "https://files.pythonhosted.org/packages/2a/85/1ce02cade7516b726dd88f59a4ee46914bf79d1676d1228ef2002ed2f1c9/jiter-0.10.0-cp312-cp312-manylinux_2_17_aarch64.manylinux2014_aarch64.whl", hash = "sha256:23ba7722d6748b6920ed02a8f1726fb4b33e0fd2f3f621816a8b486c66410ab2", size = 345330 },
    { url = "https://files.pythonhosted.org/packages/75/d0/bb6b4f209a77190ce10ea8d7e50bf3725fc16d3372d0a9f11985a2b23eff/jiter-0.10.0-cp312-cp312-manylinux_2_17_armv7l.manylinux2014_armv7l.whl", hash = "sha256:371eab43c0a288537d30e1f0b193bc4eca90439fc08a022dd83e5e07500ed026", size = 369670 },
    { url = "https://files.pythonhosted.org/packages/a0/f5/a61787da9b8847a601e6827fbc42ecb12be2c925ced3252c8ffcb56afcaf/jiter-0.10.0-cp312-cp312-manylinux_2_17_ppc64le.manylinux2014_ppc64le.whl", hash = "sha256:6c675736059020365cebc845a820214765162728b51ab1e03a1b7b3abb70f74c", size = 489057 },
    { url = "https://files.pythonhosted.org/packages/12/e4/6f906272810a7b21406c760a53aadbe52e99ee070fc5c0cb191e316de30b/jiter-0.10.0-cp312-cp312-manylinux_2_17_s390x.manylinux2014_s390x.whl", hash = "sha256:0c5867d40ab716e4684858e4887489685968a47e3ba222e44cde6e4a2154f959", size = 389372 },
    { url = "https://files.pythonhosted.org/packages/e2/ba/77013b0b8ba904bf3762f11e0129b8928bff7f978a81838dfcc958ad5728/jiter-0.10.0-cp312-cp312-manylinux_2_17_x86_64.manylinux2014_x86_64.whl", hash = "sha256:395bb9a26111b60141757d874d27fdea01b17e8fac958b91c20128ba8f4acc8a", size = 352038 },
    { url = "https://files.pythonhosted.org/packages/67/27/c62568e3ccb03368dbcc44a1ef3a423cb86778a4389e995125d3d1aaa0a4/jiter-0.10.0-cp312-cp312-manylinux_2_5_i686.manylinux1_i686.whl", hash = "sha256:6842184aed5cdb07e0c7e20e5bdcfafe33515ee1741a6835353bb45fe5d1bd95", size = 391538 },
    { url = "https://files.pythonhosted.org/packages/c0/72/0d6b7e31fc17a8fdce76164884edef0698ba556b8eb0af9546ae1a06b91d/jiter-0.10.0-cp312-cp312-musllinux_1_1_aarch64.whl", hash = "sha256:62755d1bcea9876770d4df713d82606c8c1a3dca88ff39046b85a048566d56ea", size = 523557 },
    { url = "https://files.pythonhosted.org/packages/2f/09/bc1661fbbcbeb6244bd2904ff3a06f340aa77a2b94e5a7373fd165960ea3/jiter-0.10.0-cp312-cp312-musllinux_1_1_x86_64.whl", hash = "sha256:533efbce2cacec78d5ba73a41756beff8431dfa1694b6346ce7af3a12c42202b", size = 514202 },
    { url = "https://files.pythonhosted.org/packages/1b/84/5a5d5400e9d4d54b8004c9673bbe4403928a00d28529ff35b19e9d176b19/jiter-0.10.0-cp312-cp312-win32.whl", hash = "sha256:8be921f0cadd245e981b964dfbcd6fd4bc4e254cdc069490416dd7a2632ecc01", size = 211781 },
    { url = "https://files.pythonhosted.org/packages/9b/52/7ec47455e26f2d6e5f2ea4951a0652c06e5b995c291f723973ae9e724a65/jiter-0.10.0-cp312-cp312-win_amd64.whl", hash = "sha256:a7c7d785ae9dda68c2678532a5a1581347e9c15362ae9f6e68f3fdbfb64f2e49", size = 206176 },
    { url = "https://files.pythonhosted.org/packages/2e/b0/279597e7a270e8d22623fea6c5d4eeac328e7d95c236ed51a2b884c54f70/jiter-0.10.0-cp313-cp313-macosx_10_12_x86_64.whl", hash = "sha256:e0588107ec8e11b6f5ef0e0d656fb2803ac6cf94a96b2b9fc675c0e3ab5e8644", size = 311617 },
    { url = "https://files.pythonhosted.org/packages/91/e3/0916334936f356d605f54cc164af4060e3e7094364add445a3bc79335d46/jiter-0.10.0-cp313-cp313-macosx_11_0_arm64.whl", hash = "sha256:cafc4628b616dc32530c20ee53d71589816cf385dd9449633e910d596b1f5c8a", size = 318947 },
    { url = "https://files.pythonhosted.org/packages/6a/8e/fd94e8c02d0e94539b7d669a7ebbd2776e51f329bb2c84d4385e8063a2ad/jiter-0.10.0-cp313-cp313-manylinux_2_17_aarch64.manylinux2014_aarch64.whl", hash = "sha256:520ef6d981172693786a49ff5b09eda72a42e539f14788124a07530f785c3ad6", size = 344618 },
    { url = "https://files.pythonhosted.org/packages/6f/b0/f9f0a2ec42c6e9c2e61c327824687f1e2415b767e1089c1d9135f43816bd/jiter-0.10.0-cp313-cp313-manylinux_2_17_armv7l.manylinux2014_armv7l.whl", hash = "sha256:554dedfd05937f8fc45d17ebdf298fe7e0c77458232bcb73d9fbbf4c6455f5b3", size = 368829 },
    { url = "https://files.pythonhosted.org/packages/e8/57/5bbcd5331910595ad53b9fd0c610392ac68692176f05ae48d6ce5c852967/jiter-0.10.0-cp313-cp313-manylinux_2_17_ppc64le.manylinux2014_ppc64le.whl", hash = "sha256:5bc299da7789deacf95f64052d97f75c16d4fc8c4c214a22bf8d859a4288a1c2", size = 491034 },
    { url = "https://files.pythonhosted.org/packages/9b/be/c393df00e6e6e9e623a73551774449f2f23b6ec6a502a3297aeeece2c65a/jiter-0.10.0-cp313-cp313-manylinux_2_17_s390x.manylinux2014_s390x.whl", hash = "sha256:5161e201172de298a8a1baad95eb85db4fb90e902353b1f6a41d64ea64644e25", size = 388529 },
    { url = "https://files.pythonhosted.org/packages/42/3e/df2235c54d365434c7f150b986a6e35f41ebdc2f95acea3036d99613025d/jiter-0.10.0-cp313-cp313-manylinux_2_17_x86_64.manylinux2014_x86_64.whl", hash = "sha256:2e2227db6ba93cb3e2bf67c87e594adde0609f146344e8207e8730364db27041", size = 350671 },
    { url = "https://files.pythonhosted.org/packages/c6/77/71b0b24cbcc28f55ab4dbfe029f9a5b73aeadaba677843fc6dc9ed2b1d0a/jiter-0.10.0-cp313-cp313-manylinux_2_5_i686.manylinux1_i686.whl", hash = "sha256:15acb267ea5e2c64515574b06a8bf393fbfee6a50eb1673614aa45f4613c0cca", size = 390864 },
    { url = "https://files.pythonhosted.org/packages/6a/d3/ef774b6969b9b6178e1d1e7a89a3bd37d241f3d3ec5f8deb37bbd203714a/jiter-0.10.0-cp313-cp313-musllinux_1_1_aarch64.whl", hash = "sha256:901b92f2e2947dc6dfcb52fd624453862e16665ea909a08398dde19c0731b7f4", size = 522989 },
    { url = "https://files.pythonhosted.org/packages/0c/41/9becdb1d8dd5d854142f45a9d71949ed7e87a8e312b0bede2de849388cb9/jiter-0.10.0-cp313-cp313-musllinux_1_1_x86_64.whl", hash = "sha256:d0cb9a125d5a3ec971a094a845eadde2db0de85b33c9f13eb94a0c63d463879e", size = 513495 },
    { url = "https://files.pythonhosted.org/packages/9c/36/3468e5a18238bdedae7c4d19461265b5e9b8e288d3f86cd89d00cbb48686/jiter-0.10.0-cp313-cp313-win32.whl", hash = "sha256:48a403277ad1ee208fb930bdf91745e4d2d6e47253eedc96e2559d1e6527006d", size = 211289 },
    { url = "https://files.pythonhosted.org/packages/7e/07/1c96b623128bcb913706e294adb5f768fb7baf8db5e1338ce7b4ee8c78ef/jiter-0.10.0-cp313-cp313-win_amd64.whl", hash = "sha256:75f9eb72ecb640619c29bf714e78c9c46c9c4eaafd644bf78577ede459f330d4", size = 205074 },
    { url = "https://files.pythonhosted.org/packages/54/46/caa2c1342655f57d8f0f2519774c6d67132205909c65e9aa8255e1d7b4f4/jiter-0.10.0-cp313-cp313t-macosx_11_0_arm64.whl", hash = "sha256:28ed2a4c05a1f32ef0e1d24c2611330219fed727dae01789f4a335617634b1ca", size = 318225 },
    { url = "https://files.pythonhosted.org/packages/43/84/c7d44c75767e18946219ba2d703a5a32ab37b0bc21886a97bc6062e4da42/jiter-0.10.0-cp313-cp313t-manylinux_2_17_x86_64.manylinux2014_x86_64.whl", hash = "sha256:14a4c418b1ec86a195f1ca69da8b23e8926c752b685af665ce30777233dfe070", size = 350235 },
    { url = "https://files.pythonhosted.org/packages/01/16/f5a0135ccd968b480daad0e6ab34b0c7c5ba3bc447e5088152696140dcb3/jiter-0.10.0-cp313-cp313t-win_amd64.whl", hash = "sha256:d7bfed2fe1fe0e4dda6ef682cee888ba444b21e7a6553e03252e4feb6cf0adca", size = 207278 },
    { url = "https://files.pythonhosted.org/packages/1c/9b/1d646da42c3de6c2188fdaa15bce8ecb22b635904fc68be025e21249ba44/jiter-0.10.0-cp314-cp314-macosx_10_12_x86_64.whl", hash = "sha256:5e9251a5e83fab8d87799d3e1a46cb4b7f2919b895c6f4483629ed2446f66522", size = 310866 },
    { url = "https://files.pythonhosted.org/packages/ad/0e/26538b158e8a7c7987e94e7aeb2999e2e82b1f9d2e1f6e9874ddf71ebda0/jiter-0.10.0-cp314-cp314-macosx_11_0_arm64.whl", hash = "sha256:023aa0204126fe5b87ccbcd75c8a0d0261b9abdbbf46d55e7ae9f8e22424eeb8", size = 318772 },
    { url = "https://files.pythonhosted.org/packages/7b/fb/d302893151caa1c2636d6574d213e4b34e31fd077af6050a9c5cbb42f6fb/jiter-0.10.0-cp314-cp314-manylinux_2_17_aarch64.manylinux2014_aarch64.whl", hash = "sha256:3c189c4f1779c05f75fc17c0c1267594ed918996a231593a21a5ca5438445216", size = 344534 },
    { url = "https://files.pythonhosted.org/packages/01/d8/5780b64a149d74e347c5128d82176eb1e3241b1391ac07935693466d6219/jiter-0.10.0-cp314-cp314-manylinux_2_17_armv7l.manylinux2014_armv7l.whl", hash = "sha256:15720084d90d1098ca0229352607cd68256c76991f6b374af96f36920eae13c4", size = 369087 },
    { url = "https://files.pythonhosted.org/packages/e8/5b/f235a1437445160e777544f3ade57544daf96ba7e96c1a5b24a6f7ac7004/jiter-0.10.0-cp314-cp314-manylinux_2_17_ppc64le.manylinux2014_ppc64le.whl", hash = "sha256:e4f2fb68e5f1cfee30e2b2a09549a00683e0fde4c6a2ab88c94072fc33cb7426", size = 490694 },
    { url = "https://files.pythonhosted.org/packages/85/a9/9c3d4617caa2ff89cf61b41e83820c27ebb3f7b5fae8a72901e8cd6ff9be/jiter-0.10.0-cp314-cp314-manylinux_2_17_s390x.manylinux2014_s390x.whl", hash = "sha256:ce541693355fc6da424c08b7edf39a2895f58d6ea17d92cc2b168d20907dee12", size = 388992 },
    { url = "https://files.pythonhosted.org/packages/68/b1/344fd14049ba5c94526540af7eb661871f9c54d5f5601ff41a959b9a0bbd/jiter-0.10.0-cp314-cp314-manylinux_2_17_x86_64.manylinux2014_x86_64.whl", hash = "sha256:31c50c40272e189d50006ad5c73883caabb73d4e9748a688b216e85a9a9ca3b9", size = 351723 },
    { url = "https://files.pythonhosted.org/packages/41/89/4c0e345041186f82a31aee7b9d4219a910df672b9fef26f129f0cda07a29/jiter-0.10.0-cp314-cp314-manylinux_2_5_i686.manylinux1_i686.whl", hash = "sha256:fa3402a2ff9815960e0372a47b75c76979d74402448509ccd49a275fa983ef8a", size = 392215 },
    { url = "https://files.pythonhosted.org/packages/55/58/ee607863e18d3f895feb802154a2177d7e823a7103f000df182e0f718b38/jiter-0.10.0-cp314-cp314-musllinux_1_1_aarch64.whl", hash = "sha256:1956f934dca32d7bb647ea21d06d93ca40868b505c228556d3373cbd255ce853", size = 522762 },
    { url = "https://files.pythonhosted.org/packages/15/d0/9123fb41825490d16929e73c212de9a42913d68324a8ce3c8476cae7ac9d/jiter-0.10.0-cp314-cp314-musllinux_1_1_x86_64.whl", hash = "sha256:fcedb049bdfc555e261d6f65a6abe1d5ad68825b7202ccb9692636c70fcced86", size = 513427 },
    { url = "https://files.pythonhosted.org/packages/d8/b3/2bd02071c5a2430d0b70403a34411fc519c2f227da7b03da9ba6a956f931/jiter-0.10.0-cp314-cp314-win32.whl", hash = "sha256:ac509f7eccca54b2a29daeb516fb95b6f0bd0d0d8084efaf8ed5dfc7b9f0b357", size = 210127 },
    { url = "https://files.pythonhosted.org/packages/03/0c/5fe86614ea050c3ecd728ab4035534387cd41e7c1855ef6c031f1ca93e3f/jiter-0.10.0-cp314-cp314t-macosx_11_0_arm64.whl", hash = "sha256:5ed975b83a2b8639356151cef5c0d597c68376fc4922b45d0eb384ac058cfa00", size = 318527 },
    { url = "https://files.pythonhosted.org/packages/b3/4a/4175a563579e884192ba6e81725fc0448b042024419be8d83aa8a80a3f44/jiter-0.10.0-cp314-cp314t-manylinux_2_17_x86_64.manylinux2014_x86_64.whl", hash = "sha256:3aa96f2abba33dc77f79b4cf791840230375f9534e5fac927ccceb58c5e604a5", size = 354213 },
]

[[package]]
name = "matplotlib-inline"
version = "0.1.7"
source = { registry = "https://pypi.org/simple" }
dependencies = [
    { name = "traitlets" },
]
sdist = { url = "https://files.pythonhosted.org/packages/99/5b/a36a337438a14116b16480db471ad061c36c3694df7c2084a0da7ba538b7/matplotlib_inline-0.1.7.tar.gz", hash = "sha256:8423b23ec666be3d16e16b60bdd8ac4e86e840ebd1dd11a30b9f117f2fa0ab90", size = 8159 }
wheels = [
    { url = "https://files.pythonhosted.org/packages/8f/8e/9ad090d3553c280a8060fbf6e24dc1c0c29704ee7d1c372f0c174aa59285/matplotlib_inline-0.1.7-py3-none-any.whl", hash = "sha256:df192d39a4ff8f21b1895d72e6a13f5fcc5099f00fa84384e0ea28c2cc0653ca", size = 9899 },
]

[[package]]
name = "parso"
version = "0.8.4"
source = { registry = "https://pypi.org/simple" }
sdist = { url = "https://files.pythonhosted.org/packages/66/94/68e2e17afaa9169cf6412ab0f28623903be73d1b32e208d9e8e541bb086d/parso-0.8.4.tar.gz", hash = "sha256:eb3a7b58240fb99099a345571deecc0f9540ea5f4dd2fe14c2a99d6b281ab92d", size = 400609 }
wheels = [
    { url = "https://files.pythonhosted.org/packages/c6/ac/dac4a63f978e4dcb3c6d3a78c4d8e0192a113d288502a1216950c41b1027/parso-0.8.4-py2.py3-none-any.whl", hash = "sha256:a418670a20291dacd2dddc80c377c5c3791378ee1e8d12bffc35420643d43f18", size = 103650 },
]

[[package]]
name = "pexpect"
version = "4.9.0"
source = { registry = "https://pypi.org/simple" }
dependencies = [
    { name = "ptyprocess" },
]
sdist = { url = "https://files.pythonhosted.org/packages/42/92/cc564bf6381ff43ce1f4d06852fc19a2f11d180f23dc32d9588bee2f149d/pexpect-4.9.0.tar.gz", hash = "sha256:ee7d41123f3c9911050ea2c2dac107568dc43b2d3b0c7557a33212c398ead30f", size = 166450 }
wheels = [
    { url = "https://files.pythonhosted.org/packages/9e/c3/059298687310d527a58bb01f3b1965787ee3b40dce76752eda8b44e9a2c5/pexpect-4.9.0-py2.py3-none-any.whl", hash = "sha256:7236d1e080e4936be2dc3e326cec0af72acf9212a7e1d060210e70a47e253523", size = 63772 },
]

[[package]]
name = "prompt-toolkit"
version = "3.0.51"
source = { registry = "https://pypi.org/simple" }
dependencies = [
    { name = "wcwidth" },
]
sdist = { url = "https://files.pythonhosted.org/packages/bb/6e/9d084c929dfe9e3bfe0c6a47e31f78a25c54627d64a66e884a8bf5474f1c/prompt_toolkit-3.0.51.tar.gz", hash = "sha256:931a162e3b27fc90c86f1b48bb1fb2c528c2761475e57c9c06de13311c7b54ed", size = 428940 }
wheels = [
    { url = "https://files.pythonhosted.org/packages/ce/4f/5249960887b1fbe561d9ff265496d170b55a735b76724f10ef19f9e40716/prompt_toolkit-3.0.51-py3-none-any.whl", hash = "sha256:52742911fde84e2d423e2f9a4cf1de7d7ac4e51958f648d9540e0fb8db077b07", size = 387810 },
]

[[package]]
name = "ptyprocess"
version = "0.7.0"
source = { registry = "https://pypi.org/simple" }
sdist = { url = "https://files.pythonhosted.org/packages/20/e5/16ff212c1e452235a90aeb09066144d0c5a6a8c0834397e03f5224495c4e/ptyprocess-0.7.0.tar.gz", hash = "sha256:5c5d0a3b48ceee0b48485e0c26037c0acd7d29765ca3fbb5cb3831d347423220", size = 70762 }
wheels = [
    { url = "https://files.pythonhosted.org/packages/22/a6/858897256d0deac81a172289110f31629fc4cee19b6f01283303e18c8db3/ptyprocess-0.7.0-py2.py3-none-any.whl", hash = "sha256:4b41f3967fce3af57cc7e94b888626c18bf37a083e3651ca8feeb66d492fef35", size = 13993 },
]

[[package]]
name = "pure-eval"
version = "0.2.3"
source = { registry = "https://pypi.org/simple" }
sdist = { url = "https://files.pythonhosted.org/packages/cd/05/0a34433a064256a578f1783a10da6df098ceaa4a57bbeaa96a6c0352786b/pure_eval-0.2.3.tar.gz", hash = "sha256:5f4e983f40564c576c7c8635ae88db5956bb2229d7e9237d03b3c0b0190eaf42", size = 19752 }
wheels = [
    { url = "https://files.pythonhosted.org/packages/8e/37/efad0257dc6e593a18957422533ff0f87ede7c9c6ea010a2177d738fb82f/pure_eval-0.2.3-py3-none-any.whl", hash = "sha256:1db8e35b67b3d218d818ae653e27f06c3aa420901fa7b081ca98cbedc874e0d0", size = 11842 },
]

[[package]]
name = "pydantic"
version = "2.11.7"
source = { registry = "https://pypi.org/simple" }
dependencies = [
    { name = "annotated-types" },
    { name = "pydantic-core" },
    { name = "typing-extensions" },
    { name = "typing-inspection" },
]
sdist = { url = "https://files.pythonhosted.org/packages/00/dd/4325abf92c39ba8623b5af936ddb36ffcfe0beae70405d456ab1fb2f5b8c/pydantic-2.11.7.tar.gz", hash = "sha256:d989c3c6cb79469287b1569f7447a17848c998458d49ebe294e975b9baf0f0db", size = 788350 }
wheels = [
    { url = "https://files.pythonhosted.org/packages/6a/c0/ec2b1c8712ca690e5d61979dee872603e92b8a32f94cc1b72d53beab008a/pydantic-2.11.7-py3-none-any.whl", hash = "sha256:dde5df002701f6de26248661f6835bbe296a47bf73990135c7d07ce741b9623b", size = 444782 },
]

[[package]]
name = "pydantic-core"
version = "2.33.2"
source = { registry = "https://pypi.org/simple" }
dependencies = [
    { name = "typing-extensions" },
]
sdist = { url = "https://files.pythonhosted.org/packages/ad/88/5f2260bdfae97aabf98f1778d43f69574390ad787afb646292a638c923d4/pydantic_core-2.33.2.tar.gz", hash = "sha256:7cb8bc3605c29176e1b105350d2e6474142d7c1bd1d9327c4a9bdb46bf827acc", size = 435195 }
wheels = [
    { url = "https://files.pythonhosted.org/packages/18/8a/2b41c97f554ec8c71f2a8a5f85cb56a8b0956addfe8b0efb5b3d77e8bdc3/pydantic_core-2.33.2-cp312-cp312-macosx_10_12_x86_64.whl", hash = "sha256:a7ec89dc587667f22b6a0b6579c249fca9026ce7c333fc142ba42411fa243cdc", size = 2009000 },
    { url = "https://files.pythonhosted.org/packages/a1/02/6224312aacb3c8ecbaa959897af57181fb6cf3a3d7917fd44d0f2917e6f2/pydantic_core-2.33.2-cp312-cp312-macosx_11_0_arm64.whl", hash = "sha256:3c6db6e52c6d70aa0d00d45cdb9b40f0433b96380071ea80b09277dba021ddf7", size = 1847996 },
    { url = "https://files.pythonhosted.org/packages/d6/46/6dcdf084a523dbe0a0be59d054734b86a981726f221f4562aed313dbcb49/pydantic_core-2.33.2-cp312-cp312-manylinux_2_17_aarch64.manylinux2014_aarch64.whl", hash = "sha256:4e61206137cbc65e6d5256e1166f88331d3b6238e082d9f74613b9b765fb9025", size = 1880957 },
    { url = "https://files.pythonhosted.org/packages/ec/6b/1ec2c03837ac00886ba8160ce041ce4e325b41d06a034adbef11339ae422/pydantic_core-2.33.2-cp312-cp312-manylinux_2_17_armv7l.manylinux2014_armv7l.whl", hash = "sha256:eb8c529b2819c37140eb51b914153063d27ed88e3bdc31b71198a198e921e011", size = 1964199 },
    { url = "https://files.pythonhosted.org/packages/2d/1d/6bf34d6adb9debd9136bd197ca72642203ce9aaaa85cfcbfcf20f9696e83/pydantic_core-2.33.2-cp312-cp312-manylinux_2_17_ppc64le.manylinux2014_ppc64le.whl", hash = "sha256:c52b02ad8b4e2cf14ca7b3d918f3eb0ee91e63b3167c32591e57c4317e134f8f", size = 2120296 },
    { url = "https://files.pythonhosted.org/packages/e0/94/2bd0aaf5a591e974b32a9f7123f16637776c304471a0ab33cf263cf5591a/pydantic_core-2.33.2-cp312-cp312-manylinux_2_17_s390x.manylinux2014_s390x.whl", hash = "sha256:96081f1605125ba0855dfda83f6f3df5ec90c61195421ba72223de35ccfb2f88", size = 2676109 },
    { url = "https://files.pythonhosted.org/packages/f9/41/4b043778cf9c4285d59742281a769eac371b9e47e35f98ad321349cc5d61/pydantic_core-2.33.2-cp312-cp312-manylinux_2_17_x86_64.manylinux2014_x86_64.whl", hash = "sha256:8f57a69461af2a5fa6e6bbd7a5f60d3b7e6cebb687f55106933188e79ad155c1", size = 2002028 },
    { url = "https://files.pythonhosted.org/packages/cb/d5/7bb781bf2748ce3d03af04d5c969fa1308880e1dca35a9bd94e1a96a922e/pydantic_core-2.33.2-cp312-cp312-manylinux_2_5_i686.manylinux1_i686.whl", hash = "sha256:572c7e6c8bb4774d2ac88929e3d1f12bc45714ae5ee6d9a788a9fb35e60bb04b", size = 2100044 },
    { url = "https://files.pythonhosted.org/packages/fe/36/def5e53e1eb0ad896785702a5bbfd25eed546cdcf4087ad285021a90ed53/pydantic_core-2.33.2-cp312-cp312-musllinux_1_1_aarch64.whl", hash = "sha256:db4b41f9bd95fbe5acd76d89920336ba96f03e149097365afe1cb092fceb89a1", size = 2058881 },
    { url = "https://files.pythonhosted.org/packages/01/6c/57f8d70b2ee57fc3dc8b9610315949837fa8c11d86927b9bb044f8705419/pydantic_core-2.33.2-cp312-cp312-musllinux_1_1_armv7l.whl", hash = "sha256:fa854f5cf7e33842a892e5c73f45327760bc7bc516339fda888c75ae60edaeb6", size = 2227034 },
    { url = "https://files.pythonhosted.org/packages/27/b9/9c17f0396a82b3d5cbea4c24d742083422639e7bb1d5bf600e12cb176a13/pydantic_core-2.33.2-cp312-cp312-musllinux_1_1_x86_64.whl", hash = "sha256:5f483cfb75ff703095c59e365360cb73e00185e01aaea067cd19acffd2ab20ea", size = 2234187 },
    { url = "https://files.pythonhosted.org/packages/b0/6a/adf5734ffd52bf86d865093ad70b2ce543415e0e356f6cacabbc0d9ad910/pydantic_core-2.33.2-cp312-cp312-win32.whl", hash = "sha256:9cb1da0f5a471435a7bc7e439b8a728e8b61e59784b2af70d7c169f8dd8ae290", size = 1892628 },
    { url = "https://files.pythonhosted.org/packages/43/e4/5479fecb3606c1368d496a825d8411e126133c41224c1e7238be58b87d7e/pydantic_core-2.33.2-cp312-cp312-win_amd64.whl", hash = "sha256:f941635f2a3d96b2973e867144fde513665c87f13fe0e193c158ac51bfaaa7b2", size = 1955866 },
    { url = "https://files.pythonhosted.org/packages/0d/24/8b11e8b3e2be9dd82df4b11408a67c61bb4dc4f8e11b5b0fc888b38118b5/pydantic_core-2.33.2-cp312-cp312-win_arm64.whl", hash = "sha256:cca3868ddfaccfbc4bfb1d608e2ccaaebe0ae628e1416aeb9c4d88c001bb45ab", size = 1888894 },
    { url = "https://files.pythonhosted.org/packages/46/8c/99040727b41f56616573a28771b1bfa08a3d3fe74d3d513f01251f79f172/pydantic_core-2.33.2-cp313-cp313-macosx_10_12_x86_64.whl", hash = "sha256:1082dd3e2d7109ad8b7da48e1d4710c8d06c253cbc4a27c1cff4fbcaa97a9e3f", size = 2015688 },
    { url = "https://files.pythonhosted.org/packages/3a/cc/5999d1eb705a6cefc31f0b4a90e9f7fc400539b1a1030529700cc1b51838/pydantic_core-2.33.2-cp313-cp313-macosx_11_0_arm64.whl", hash = "sha256:f517ca031dfc037a9c07e748cefd8d96235088b83b4f4ba8939105d20fa1dcd6", size = 1844808 },
    { url = "https://files.pythonhosted.org/packages/6f/5e/a0a7b8885c98889a18b6e376f344da1ef323d270b44edf8174d6bce4d622/pydantic_core-2.33.2-cp313-cp313-manylinux_2_17_aarch64.manylinux2014_aarch64.whl", hash = "sha256:0a9f2c9dd19656823cb8250b0724ee9c60a82f3cdf68a080979d13092a3b0fef", size = 1885580 },
    { url = "https://files.pythonhosted.org/packages/3b/2a/953581f343c7d11a304581156618c3f592435523dd9d79865903272c256a/pydantic_core-2.33.2-cp313-cp313-manylinux_2_17_armv7l.manylinux2014_armv7l.whl", hash = "sha256:2b0a451c263b01acebe51895bfb0e1cc842a5c666efe06cdf13846c7418caa9a", size = 1973859 },
    { url = "https://files.pythonhosted.org/packages/e6/55/f1a813904771c03a3f97f676c62cca0c0a4138654107c1b61f19c644868b/pydantic_core-2.33.2-cp313-cp313-manylinux_2_17_ppc64le.manylinux2014_ppc64le.whl", hash = "sha256:1ea40a64d23faa25e62a70ad163571c0b342b8bf66d5fa612ac0dec4f069d916", size = 2120810 },
    { url = "https://files.pythonhosted.org/packages/aa/c3/053389835a996e18853ba107a63caae0b9deb4a276c6b472931ea9ae6e48/pydantic_core-2.33.2-cp313-cp313-manylinux_2_17_s390x.manylinux2014_s390x.whl", hash = "sha256:0fb2d542b4d66f9470e8065c5469ec676978d625a8b7a363f07d9a501a9cb36a", size = 2676498 },
    { url = "https://files.pythonhosted.org/packages/eb/3c/f4abd740877a35abade05e437245b192f9d0ffb48bbbbd708df33d3cda37/pydantic_core-2.33.2-cp313-cp313-manylinux_2_17_x86_64.manylinux2014_x86_64.whl", hash = "sha256:9fdac5d6ffa1b5a83bca06ffe7583f5576555e6c8b3a91fbd25ea7780f825f7d", size = 2000611 },
    { url = "https://files.pythonhosted.org/packages/59/a7/63ef2fed1837d1121a894d0ce88439fe3e3b3e48c7543b2a4479eb99c2bd/pydantic_core-2.33.2-cp313-cp313-manylinux_2_5_i686.manylinux1_i686.whl", hash = "sha256:04a1a413977ab517154eebb2d326da71638271477d6ad87a769102f7c2488c56", size = 2107924 },
    { url = "https://files.pythonhosted.org/packages/04/8f/2551964ef045669801675f1cfc3b0d74147f4901c3ffa42be2ddb1f0efc4/pydantic_core-2.33.2-cp313-cp313-musllinux_1_1_aarch64.whl", hash = "sha256:c8e7af2f4e0194c22b5b37205bfb293d166a7344a5b0d0eaccebc376546d77d5", size = 2063196 },
    { url = "https://files.pythonhosted.org/packages/26/bd/d9602777e77fc6dbb0c7db9ad356e9a985825547dce5ad1d30ee04903918/pydantic_core-2.33.2-cp313-cp313-musllinux_1_1_armv7l.whl", hash = "sha256:5c92edd15cd58b3c2d34873597a1e20f13094f59cf88068adb18947df5455b4e", size = 2236389 },
    { url = "https://files.pythonhosted.org/packages/42/db/0e950daa7e2230423ab342ae918a794964b053bec24ba8af013fc7c94846/pydantic_core-2.33.2-cp313-cp313-musllinux_1_1_x86_64.whl", hash = "sha256:65132b7b4a1c0beded5e057324b7e16e10910c106d43675d9bd87d4f38dde162", size = 2239223 },
    { url = "https://files.pythonhosted.org/packages/58/4d/4f937099c545a8a17eb52cb67fe0447fd9a373b348ccfa9a87f141eeb00f/pydantic_core-2.33.2-cp313-cp313-win32.whl", hash = "sha256:52fb90784e0a242bb96ec53f42196a17278855b0f31ac7c3cc6f5c1ec4811849", size = 1900473 },
    { url = "https://files.pythonhosted.org/packages/a0/75/4a0a9bac998d78d889def5e4ef2b065acba8cae8c93696906c3a91f310ca/pydantic_core-2.33.2-cp313-cp313-win_amd64.whl", hash = "sha256:c083a3bdd5a93dfe480f1125926afcdbf2917ae714bdb80b36d34318b2bec5d9", size = 1955269 },
    { url = "https://files.pythonhosted.org/packages/f9/86/1beda0576969592f1497b4ce8e7bc8cbdf614c352426271b1b10d5f0aa64/pydantic_core-2.33.2-cp313-cp313-win_arm64.whl", hash = "sha256:e80b087132752f6b3d714f041ccf74403799d3b23a72722ea2e6ba2e892555b9", size = 1893921 },
    { url = "https://files.pythonhosted.org/packages/a4/7d/e09391c2eebeab681df2b74bfe6c43422fffede8dc74187b2b0bf6fd7571/pydantic_core-2.33.2-cp313-cp313t-macosx_11_0_arm64.whl", hash = "sha256:61c18fba8e5e9db3ab908620af374db0ac1baa69f0f32df4f61ae23f15e586ac", size = 1806162 },
    { url = "https://files.pythonhosted.org/packages/f1/3d/847b6b1fed9f8ed3bb95a9ad04fbd0b212e832d4f0f50ff4d9ee5a9f15cf/pydantic_core-2.33.2-cp313-cp313t-manylinux_2_17_x86_64.manylinux2014_x86_64.whl", hash = "sha256:95237e53bb015f67b63c91af7518a62a8660376a6a0db19b89acc77a4d6199f5", size = 1981560 },
    { url = "https://files.pythonhosted.org/packages/6f/9a/e73262f6c6656262b5fdd723ad90f518f579b7bc8622e43a942eec53c938/pydantic_core-2.33.2-cp313-cp313t-win_amd64.whl", hash = "sha256:c2fc0a768ef76c15ab9238afa6da7f69895bb5d1ee83aeea2e3509af4472d0b9", size = 1935777 },
]

[[package]]
name = "pygments"
version = "2.19.2"
source = { registry = "https://pypi.org/simple" }
sdist = { url = "https://files.pythonhosted.org/packages/b0/77/a5b8c569bf593b0140bde72ea885a803b82086995367bf2037de0159d924/pygments-2.19.2.tar.gz", hash = "sha256:636cb2477cec7f8952536970bc533bc43743542f70392ae026374600add5b887", size = 4968631 }
wheels = [
    { url = "https://files.pythonhosted.org/packages/c7/21/705964c7812476f378728bdf590ca4b771ec72385c533964653c68e86bdc/pygments-2.19.2-py3-none-any.whl", hash = "sha256:86540386c03d588bb81d44bc3928634ff26449851e99741617ecb9037ee5ec0b", size = 1225217 },
]

[[package]]
name = "sentry-sdk"
version = "2.37.1"
source = { editable = "../../sentry-python" }
dependencies = [
    { name = "certifi" },
    { name = "urllib3" },
]

[package.optional-dependencies]
django = [
    { name = "django" },
]

[package.metadata]
requires-dist = [
    { name = "aiohttp", marker = "extra == 'aiohttp'", specifier = ">=3.5" },
    { name = "anthropic", marker = "extra == 'anthropic'", specifier = ">=0.16" },
    { name = "apache-beam", marker = "extra == 'beam'", specifier = ">=2.12" },
    { name = "arq", marker = "extra == 'arq'", specifier = ">=0.23" },
    { name = "asttokens", marker = "extra == 'pure-eval'" },
    { name = "asyncpg", marker = "extra == 'asyncpg'", specifier = ">=0.23" },
    { name = "blinker", marker = "extra == 'flask'", specifier = ">=1.1" },
    { name = "blinker", marker = "extra == 'quart'", specifier = ">=1.1" },
    { name = "bottle", marker = "extra == 'bottle'", specifier = ">=0.12.13" },
    { name = "celery", marker = "extra == 'celery'", specifier = ">=3" },
    { name = "celery-redbeat", marker = "extra == 'celery-redbeat'", specifier = ">=2" },
    { name = "certifi" },
    { name = "chalice", marker = "extra == 'chalice'", specifier = ">=1.16.0" },
    { name = "clickhouse-driver", marker = "extra == 'clickhouse-driver'", specifier = ">=0.2.0" },
    { name = "django", marker = "extra == 'django'", specifier = ">=1.8" },
    { name = "executing", marker = "extra == 'pure-eval'" },
    { name = "falcon", marker = "extra == 'falcon'", specifier = ">=1.4" },
    { name = "fastapi", marker = "extra == 'fastapi'", specifier = ">=0.79.0" },
    { name = "flask", marker = "extra == 'flask'", specifier = ">=0.11" },
    { name = "grpcio", marker = "extra == 'grpcio'", specifier = ">=1.21.1" },
    { name = "httpcore", extras = ["http2"], marker = "extra == 'http2'", specifier = "==1.*" },
    { name = "httpx", marker = "extra == 'httpx'", specifier = ">=0.16.0" },
    { name = "huey", marker = "extra == 'huey'", specifier = ">=2" },
    { name = "huggingface-hub", marker = "extra == 'huggingface-hub'", specifier = ">=0.22" },
    { name = "langchain", marker = "extra == 'langchain'", specifier = ">=0.0.210" },
    { name = "langgraph", marker = "extra == 'langgraph'", specifier = ">=0.6.6" },
    { name = "launchdarkly-server-sdk", marker = "extra == 'launchdarkly'", specifier = ">=9.8.0" },
    { name = "litestar", marker = "extra == 'litestar'", specifier = ">=2.0.0" },
    { name = "loguru", marker = "extra == 'loguru'", specifier = ">=0.5" },
    { name = "markupsafe", marker = "extra == 'flask'" },
    { name = "openai", marker = "extra == 'openai'", specifier = ">=1.0.0" },
    { name = "openfeature-sdk", marker = "extra == 'openfeature'", specifier = ">=0.7.1" },
    { name = "opentelemetry-distro", marker = "extra == 'opentelemetry'", specifier = ">=0.35b0" },
    { name = "opentelemetry-distro", marker = "extra == 'opentelemetry-experimental'" },
    { name = "protobuf", marker = "extra == 'grpcio'", specifier = ">=3.8.0" },
    { name = "pure-eval", marker = "extra == 'pure-eval'" },
    { name = "pymongo", marker = "extra == 'pymongo'", specifier = ">=3.1" },
    { name = "pyspark", marker = "extra == 'pyspark'", specifier = ">=2.4.4" },
    { name = "quart", marker = "extra == 'quart'", specifier = ">=0.16.1" },
    { name = "rq", marker = "extra == 'rq'", specifier = ">=0.6" },
    { name = "sanic", marker = "extra == 'sanic'", specifier = ">=0.8" },
    { name = "sqlalchemy", marker = "extra == 'sqlalchemy'", specifier = ">=1.2" },
    { name = "starlette", marker = "extra == 'starlette'", specifier = ">=0.19.1" },
    { name = "starlite", marker = "extra == 'starlite'", specifier = ">=1.48" },
    { name = "statsig", marker = "extra == 'statsig'", specifier = ">=0.55.3" },
    { name = "tiktoken", marker = "extra == 'openai'", specifier = ">=0.3.0" },
    { name = "tornado", marker = "extra == 'tornado'", specifier = ">=6" },
    { name = "unleashclient", marker = "extra == 'unleash'", specifier = ">=6.0.1" },
    { name = "urllib3", specifier = ">=1.26.11" },
]
provides-extras = ["aiohttp", "anthropic", "arq", "asyncpg", "beam", "bottle", "celery", "celery-redbeat", "chalice", "clickhouse-driver", "django", "falcon", "fastapi", "flask", "grpcio", "http2", "httpx", "huey", "huggingface-hub", "langchain", "langgraph", "launchdarkly", "litestar", "loguru", "openai", "openfeature", "opentelemetry", "opentelemetry-experimental", "pure-eval", "pymongo", "pyspark", "quart", "rq", "sanic", "sqlalchemy", "starlette", "starlite", "statsig", "tornado", "unleash"]

[[package]]
name = "sniffio"
version = "1.3.1"
source = { registry = "https://pypi.org/simple" }
sdist = { url = "https://files.pythonhosted.org/packages/a2/87/a6771e1546d97e7e041b6ae58d80074f81b7d5121207425c964ddf5cfdbd/sniffio-1.3.1.tar.gz", hash = "sha256:f4324edc670a0f49750a81b895f35c3adb843cca46f0530f79fc1babb23789dc", size = 20372 }
wheels = [
    { url = "https://files.pythonhosted.org/packages/e9/44/75a9c9421471a6c4805dbf2356f7c181a29c1879239abab1ea2cc8f38b40/sniffio-1.3.1-py3-none-any.whl", hash = "sha256:2f6da418d1f1e0fddd844478f41680e794e6051915791a034ff65e5f100525a2", size = 10235 },
]

[[package]]
name = "sqlparse"
version = "0.5.3"
source = { registry = "https://pypi.org/simple" }
sdist = { url = "https://files.pythonhosted.org/packages/e5/40/edede8dd6977b0d3da179a342c198ed100dd2aba4be081861ee5911e4da4/sqlparse-0.5.3.tar.gz", hash = "sha256:09f67787f56a0b16ecdbde1bfc7f5d9c3371ca683cfeaa8e6ff60b4807ec9272", size = 84999 }
wheels = [
    { url = "https://files.pythonhosted.org/packages/a9/5c/bfd6bd0bf979426d405cc6e71eceb8701b148b16c21d2dc3c261efc61c7b/sqlparse-0.5.3-py3-none-any.whl", hash = "sha256:cf2196ed3418f3ba5de6af7e82c694a9fbdbfecccdfc72e281548517081f16ca", size = 44415 },
]

[[package]]
name = "stack-data"
version = "0.6.3"
source = { registry = "https://pypi.org/simple" }
dependencies = [
    { name = "asttokens" },
    { name = "executing" },
    { name = "pure-eval" },
]
sdist = { url = "https://files.pythonhosted.org/packages/28/e3/55dcc2cfbc3ca9c29519eb6884dd1415ecb53b0e934862d3559ddcb7e20b/stack_data-0.6.3.tar.gz", hash = "sha256:836a778de4fec4dcd1dcd89ed8abff8a221f58308462e1c4aa2a3cf30148f0b9", size = 44707 }
wheels = [
    { url = "https://files.pythonhosted.org/packages/f1/7b/ce1eafaf1a76852e2ec9b22edecf1daa58175c090266e9f6c64afcd81d91/stack_data-0.6.3-py3-none-any.whl", hash = "sha256:d5558e0c25a4cb0853cddad3d77da9891a08cb85dd9f9f91b9f8cd66e511e695", size = 24521 },
]

[[package]]
name = "test"
version = "0"
source = { virtual = "." }
dependencies = [
    { name = "anthropic" },
    { name = "ipdb" },
    { name = "sentry-sdk", extra = ["django"] },
]

[package.metadata]
requires-dist = [
    { name = "anthropic", specifier = ">=0.61.0" },
    { name = "ipdb", specifier = ">=0.13.13" },
    { name = "sentry-sdk", extras = ["django"], editable = "../../sentry-python" },
]

[[package]]
name = "traitlets"
version = "5.14.3"
source = { registry = "https://pypi.org/simple" }
sdist = { url = "https://files.pythonhosted.org/packages/eb/79/72064e6a701c2183016abbbfedaba506d81e30e232a68c9f0d6f6fcd1574/traitlets-5.14.3.tar.gz", hash = "sha256:9ed0579d3502c94b4b3732ac120375cda96f923114522847de4b3bb98b96b6b7", size = 161621 }
wheels = [
    { url = "https://files.pythonhosted.org/packages/00/c0/8f5d070730d7836adc9c9b6408dec68c6ced86b304a9b26a14df072a6e8c/traitlets-5.14.3-py3-none-any.whl", hash = "sha256:b74e89e397b1ed28cc831db7aea759ba6640cb3de13090ca145426688ff1ac4f", size = 85359 },
]

[[package]]
name = "typing-extensions"
version = "4.14.1"
source = { registry = "https://pypi.org/simple" }
sdist = { url = "https://files.pythonhosted.org/packages/98/5a/da40306b885cc8c09109dc2e1abd358d5684b1425678151cdaed4731c822/typing_extensions-4.14.1.tar.gz", hash = "sha256:38b39f4aeeab64884ce9f74c94263ef78f3c22467c8724005483154c26648d36", size = 107673 }
wheels = [
    { url = "https://files.pythonhosted.org/packages/b5/00/d631e67a838026495268c2f6884f3711a15a9a2a96cd244fdaea53b823fb/typing_extensions-4.14.1-py3-none-any.whl", hash = "sha256:d1e1e3b58374dc93031d6eda2420a48ea44a36c2b4766a4fdeb3710755731d76", size = 43906 },
]

[[package]]
name = "typing-inspection"
version = "0.4.1"
source = { registry = "https://pypi.org/simple" }
dependencies = [
    { name = "typing-extensions" },
]
sdist = { url = "https://files.pythonhosted.org/packages/f8/b1/0c11f5058406b3af7609f121aaa6b609744687f1d158b3c3a5bf4cc94238/typing_inspection-0.4.1.tar.gz", hash = "sha256:6ae134cc0203c33377d43188d4064e9b357dba58cff3185f22924610e70a9d28", size = 75726 }
wheels = [
    { url = "https://files.pythonhosted.org/packages/17/69/cd203477f944c353c31bade965f880aa1061fd6bf05ded0726ca845b6ff7/typing_inspection-0.4.1-py3-none-any.whl", hash = "sha256:389055682238f53b04f7badcb49b989835495a96700ced5dab2d8feae4b26f51", size = 14552 },
]

[[package]]
name = "tzdata"
version = "2025.2"
source = { registry = "https://pypi.org/simple" }
sdist = { url = "https://files.pythonhosted.org/packages/95/32/1a225d6164441be760d75c2c42e2780dc0873fe382da3e98a2e1e48361e5/tzdata-2025.2.tar.gz", hash = "sha256:b60a638fcc0daffadf82fe0f57e53d06bdec2f36c4df66280ae79bce6bd6f2b9", size = 196380 }
wheels = [
    { url = "https://files.pythonhosted.org/packages/5c/23/c7abc0ca0a1526a0774eca151daeb8de62ec457e77262b66b359c3c7679e/tzdata-2025.2-py2.py3-none-any.whl", hash = "sha256:1a403fada01ff9221ca8044d701868fa132215d84beb92242d9acd2147f667a8", size = 347839 },
]

[[package]]
name = "urllib3"
version = "2.5.0"
source = { registry = "https://pypi.org/simple" }
sdist = { url = "https://files.pythonhosted.org/packages/15/22/9ee70a2574a4f4599c47dd506532914ce044817c7752a79b6a51286319bc/urllib3-2.5.0.tar.gz", hash = "sha256:3fc47733c7e419d4bc3f6b3dc2b4f890bb743906a30d56ba4a5bfa4bbff92760", size = 393185 }
wheels = [
    { url = "https://files.pythonhosted.org/packages/a7/c2/fe1e52489ae3122415c51f387e221dd0773709bad6c6cdaa599e8a2c5185/urllib3-2.5.0-py3-none-any.whl", hash = "sha256:e6b01673c0fa6a13e374b50871808eb3bf7046c4b125b216f6bf1cc604cff0dc", size = 129795 },
]

[[package]]
name = "wcwidth"
version = "0.2.13"
source = { registry = "https://pypi.org/simple" }
sdist = { url = "https://files.pythonhosted.org/packages/6c/63/53559446a878410fc5a5974feb13d31d78d752eb18aeba59c7fef1af7598/wcwidth-0.2.13.tar.gz", hash = "sha256:72ea0c06399eb286d978fdedb6923a9eb47e1c486ce63e9b4e64fc18303972b5", size = 101301 }
wheels = [
    { url = "https://files.pythonhosted.org/packages/fd/84/fd2ba7aafacbad3c4201d395674fc6348826569da3c0937e75505ead3528/wcwidth-0.2.13-py2.py3-none-any.whl", hash = "sha256:3da69048e4540d84af32131829ff948f1e022c1c6bdb8d6102117aac784f6859", size = 34166 },
]
